
Microsoft Visual Studio Solution File, Format Version 12.00
# Visual Studio Version 17
VisualStudioVersion = 17.7.34221.43
MinimumVisualStudioVersion = 10.0.40219.1
Project("{FAE04EC0-301F-11D3-BF4B-00C04F79EFBC}") = "JotForm", "JotForm\JotForm.csproj", "{CD95E557-1865-4F38-8B74-EEED2620FD14}"
EndProject
Project("{FAE04EC0-301F-11D3-BF4B-00C04F79EFBC}") = "JotFormTest", "JotFormTest\JotFormTest.csproj", "{FDBFD7AE-1C8A-462D-AF00-F04336FA83E4}"
EndProject
Project("{FAE04EC0-301F-11D3-BF4B-00C04F79EFBC}") = "JotformWeb", "JotformWeb\JotformWeb.csproj", "{BE2892AC-DF94-46F1-B7B1-B4ABE62A0B63}"
EndProject
Global
	GlobalSection(SolutionConfigurationPlatforms) = preSolution
		Debug|Any CPU = Debug|Any CPU
		Release|Any CPU = Release|Any CPU
	EndGlobalSection
	GlobalSection(ProjectConfigurationPlatforms) = postSolution
		{CD95E557-1865-4F38-8B74-EEED2620FD14}.Debug|Any CPU.ActiveCfg = Debug|Any CPU
		{CD95E557-1865-4F38-8B74-EEED2620FD14}.Debug|Any CPU.Build.0 = Debug|Any CPU
		{CD95E557-1865-4F38-8B74-EEED2620FD14}.Release|Any CPU.ActiveCfg = Release|Any CPU
		{CD95E557-1865-4F38-8B74-EEED2620FD14}.Release|Any CPU.Build.0 = Release|Any CPU
		{FDBFD7AE-1C8A-462D-AF00-F04336FA83E4}.Debug|Any CPU.ActiveCfg = Debug|Any CPU
		{FDBFD7AE-1C8A-462D-AF00-F04336FA83E4}.Debug|Any CPU.Build.0 = Debug|Any CPU
		{FDBFD7AE-1C8A-462D-AF00-F04336FA83E4}.Release|Any CPU.ActiveCfg = Release|Any CPU
		{FDBFD7AE-1C8A-462D-AF00-F04336FA83E4}.Release|Any CPU.Build.0 = Release|Any CPU
		{BE2892AC-DF94-46F1-B7B1-B4ABE62A0B63}.Debug|Any CPU.ActiveCfg = Debug|Any CPU
		{BE2892AC-DF94-46F1-B7B1-B4ABE62A0B63}.Debug|Any CPU.Build.0 = Debug|Any CPU
		{BE2892AC-DF94-46F1-B7B1-B4ABE62A0B63}.Release|Any CPU.ActiveCfg = Release|Any CPU
		{BE2892AC-DF94-46F1-B7B1-B4ABE62A0B63}.Release|Any CPU.Build.0 = Release|Any CPU
	EndGlobalSection
	GlobalSection(SolutionProperties) = preSolution
		HideSolutionNode = FALSE
	EndGlobalSection
	GlobalSection(ExtensibilityGlobals) = postSolution
		SolutionGuid = {7A2FF859-61B4-402D-8B96-C9C67A2A3E2B}
	EndGlobalSection
EndGlobal
